
Microsoft Visual Studio Solution File, Format Version 12.00
# Visual Studio 15
VisualStudioVersion = 15.0.27703.2000
MinimumVisualStudioVersion = 10.0.40219.1
Project("{FAE04EC0-301F-11D3-BF4B-00C04F79EFBC}") = "Algo", "Algo\Algo.csproj", "{2505495D-B777-4AD5-BEA1-2F84DEB81955}"
EndProject
Global
	GlobalSection(SolutionConfigurationPlatforms) = preSolution
		Debug|Any CPU = Debug|Any CPU
		Release|Any CPU = Release|Any CPU
	EndGlobalSection
	GlobalSection(ProjectConfigurationPlatforms) = postSolution
		{2505495D-B777-4AD5-BEA1-2F84DEB81955}.Debug|Any CPU.ActiveCfg = Debug|Any CPU
		{2505495D-B777-4AD5-BEA1-2F84DEB81955}.Debug|Any CPU.Build.0 = Debug|Any CPU
		{2505495D-B777-4AD5-BEA1-2F84DEB81955}.Release|Any CPU.ActiveCfg = Release|Any CPU
		{2505495D-B777-4AD5-BEA1-2F84DEB81955}.Release|Any CPU.Build.0 = Release|Any CPU
	EndGlobalSection
	GlobalSection(SolutionProperties) = preSolution
		HideSolutionNode = FALSE
	EndGlobalSection
	GlobalSection(ExtensibilityGlobals) = postSolution
		SolutionGuid = {B6720C31-F207-4CB8-9C34-C0693A58975B}
	EndGlobalSection
EndGlobal
